
Microsoft Visual Studio Solution File, Format Version 12.00
# Visual Studio Express 2013 for Windows Desktop
VisualStudioVersion = 12.0.21005.1
MinimumVisualStudioVersion = 10.0.40219.1
Project("{FAE04EC0-301F-11D3-BF4B-00C04F79EFBC}") = "Krystal.Core", "Krystal.Core\Krystal.Core.csproj", "{F75AE74A-A837-4A82-BFCC-6F900A824168}"
EndProject
Project("{2150E333-8FDC-42A3-9474-1A3956D46DE8}") = "Solution Items", "Solution Items", "{F53DCED8-8E14-47AC-8000-3D3A68CFFF7B}"
	ProjectSection(SolutionItems) = preProject
		LICENSE = LICENSE
		README.md = README.md
	EndProjectSection
EndProject
Project("{FAE04EC0-301F-11D3-BF4B-00C04F79EFBC}") = "Krystal.Voice", "Krystal.Voice\Krystal.Voice.csproj", "{5871C1D8-6081-4040-9B93-E1DC5A8612A5}"
EndProject
Global
	GlobalSection(SolutionConfigurationPlatforms) = preSolution
		Debug|Any CPU = Debug|Any CPU
		Release|Any CPU = Release|Any CPU
	EndGlobalSection
	GlobalSection(ProjectConfigurationPlatforms) = postSolution
		{F75AE74A-A837-4A82-BFCC-6F900A824168}.Debug|Any CPU.ActiveCfg = Debug|Any CPU
		{F75AE74A-A837-4A82-BFCC-6F900A824168}.Debug|Any CPU.Build.0 = Debug|Any CPU
		{F75AE74A-A837-4A82-BFCC-6F900A824168}.Release|Any CPU.ActiveCfg = Release|Any CPU
		{F75AE74A-A837-4A82-BFCC-6F900A824168}.Release|Any CPU.Build.0 = Release|Any CPU
		{5871C1D8-6081-4040-9B93-E1DC5A8612A5}.Debug|Any CPU.ActiveCfg = Debug|Any CPU
		{5871C1D8-6081-4040-9B93-E1DC5A8612A5}.Debug|Any CPU.Build.0 = Debug|Any CPU
		{5871C1D8-6081-4040-9B93-E1DC5A8612A5}.Release|Any CPU.ActiveCfg = Release|Any CPU
		{5871C1D8-6081-4040-9B93-E1DC5A8612A5}.Release|Any CPU.Build.0 = Release|Any CPU
	EndGlobalSection
	GlobalSection(SolutionProperties) = preSolution
		HideSolutionNode = FALSE
	EndGlobalSection
	GlobalSection(MonoDevelopProperties) = preSolution
		StartupItem = Krystal.Core\Krystal.Core.csproj
		Policies = $0
		$0.VersionControlPolicy = $1
		$1.inheritsSet = Mono
		$0.ChangeLogPolicy = $2
		$2.UpdateMode = None
		$2.MessageStyle = $3
		$3.LineAlign = 0
		$2.inheritsSet = Mono
	EndGlobalSection
EndGlobal
